// !$*UTF8*$!
{
	archiveVersion = 1;
	classes = {
	};
	objectVersion = 46;
	objects = {

/* Begin PBXBuildFile section */
		5F3D9E0D1855FA8E0004E9E2 /* WHBaseViewController.m in Sources */ = {isa = PBXBuildFile; fileRef = 5F3D9E0B1855FA8E0004E9E2 /* WHBaseViewController.m */; };
		5F3D9E0E1855FA8E0004E9E2 /* WHBaseViewController.xib in Resources */ = {isa = PBXBuildFile; fileRef = 5F3D9E0C1855FA8E0004E9E2 /* WHBaseViewController.xib */; };
		5F3D9E121855FB060004E9E2 /* WHDeviceViewController.m in Sources */ = {isa = PBXBuildFile; fileRef = 5F3D9E101855FB060004E9E2 /* WHDeviceViewController.m */; };
		5F3D9E131855FB060004E9E2 /* WHDeviceViewController.xib in Resources */ = {isa = PBXBuildFile; fileRef = 5F3D9E111855FB060004E9E2 /* WHDeviceViewController.xib */; };
		5F3D9E16185600960004E9E2 /* WHDeviceTableViewCell.m in Sources */ = {isa = PBXBuildFile; fileRef = 5F3D9E15185600960004E9E2 /* WHDeviceTableViewCell.m */; };
		5F3D9E1C18561CAA0004E9E2 /* WHDevice+Weixin.m in Sources */ = {isa = PBXBuildFile; fileRef = 5F3D9E1B18561CAA0004E9E2 /* WHDevice+Weixin.m */; };
		5F3D9E1F18561F410004E9E2 /* WHApp+Weixin.m in Sources */ = {isa = PBXBuildFile; fileRef = 5F3D9E1E18561F410004E9E2 /* WHApp+Weixin.m */; };
		5F409F881853212C007EB9CD /* NSImage+Resize.m in Sources */ = {isa = PBXBuildFile; fileRef = 5F409F871853212C007EB9CD /* NSImage+Resize.m */; };
		5F409F8D185342CE007EB9CD /* WHContactsViewController.m in Sources */ = {isa = PBXBuildFile; fileRef = 5F409F8B185342CE007EB9CD /* WHContactsViewController.m */; };
		5F409F8E185342CE007EB9CD /* WHContactsViewController.xib in Resources */ = {isa = PBXBuildFile; fileRef = 5F409F8C185342CE007EB9CD /* WHContactsViewController.xib */; };
		5F409F9218538448007EB9CD /* WHDeviceManager.m in Sources */ = {isa = PBXBuildFile; fileRef = 5F409F9118538448007EB9CD /* WHDeviceManager.m */; };
		5F409F9518538C11007EB9CD /* WHDevice.m in Sources */ = {isa = PBXBuildFile; fileRef = 5F409F9418538C11007EB9CD /* WHDevice.m */; };
		5F4378931844EB9B00B5ADFC /* Cocoa.framework in Frameworks */ = {isa = PBXBuildFile; fileRef = 5F4378921844EB9B00B5ADFC /* Cocoa.framework */; };
		5F43789D1844EB9B00B5ADFC /* InfoPlist.strings in Resources */ = {isa = PBXBuildFile; fileRef = 5F43789B1844EB9B00B5ADFC /* InfoPlist.strings */; };
		5F43789F1844EB9B00B5ADFC /* main.m in Sources */ = {isa = PBXBuildFile; fileRef = 5F43789E1844EB9B00B5ADFC /* main.m */; };
		5F4378A31844EB9B00B5ADFC /* Credits.rtf in Resources */ = {isa = PBXBuildFile; fileRef = 5F4378A11844EB9B00B5ADFC /* Credits.rtf */; };
		5F4378A61844EB9B00B5ADFC /* WHAppDelegate.m in Sources */ = {isa = PBXBuildFile; fileRef = 5F4378A51844EB9B00B5ADFC /* WHAppDelegate.m */; };
		5F4378A91844EB9B00B5ADFC /* MainMenu.xib in Resources */ = {isa = PBXBuildFile; fileRef = 5F4378A71844EB9B00B5ADFC /* MainMenu.xib */; };
		5F4378AB1844EB9B00B5ADFC /* Images.xcassets in Resources */ = {isa = PBXBuildFile; fileRef = 5F4378AA1844EB9B00B5ADFC /* Images.xcassets */; };
		5F4378B21844EB9B00B5ADFC /* XCTest.framework in Frameworks */ = {isa = PBXBuildFile; fileRef = 5F4378B11844EB9B00B5ADFC /* XCTest.framework */; };
		5F4378B31844EB9B00B5ADFC /* Cocoa.framework in Frameworks */ = {isa = PBXBuildFile; fileRef = 5F4378921844EB9B00B5ADFC /* Cocoa.framework */; };
		5F4378BB1844EB9B00B5ADFC /* InfoPlist.strings in Resources */ = {isa = PBXBuildFile; fileRef = 5F4378B91844EB9B00B5ADFC /* InfoPlist.strings */; };
		5F4378BD1844EB9B00B5ADFC /* WeixinHistoryTests.m in Sources */ = {isa = PBXBuildFile; fileRef = 5F4378BC1844EB9B00B5ADFC /* WeixinHistoryTests.m */; };
		5F4378C91844EBCD00B5ADFC /* WHBaseWindowController.m in Sources */ = {isa = PBXBuildFile; fileRef = 5F4378C71844EBCD00B5ADFC /* WHBaseWindowController.m */; };
		5F4378CA1844EBCD00B5ADFC /* WHBaseWindowController.xib in Resources */ = {isa = PBXBuildFile; fileRef = 5F4378C81844EBCD00B5ADFC /* WHBaseWindowController.xib */; };
		5F4378CE1844EC7100B5ADFC /* WHMainWindowController.m in Sources */ = {isa = PBXBuildFile; fileRef = 5F4378CC1844EC7100B5ADFC /* WHMainWindowController.m */; };
		5F4378CF1844EC7100B5ADFC /* WHMainWindowController.xib in Resources */ = {isa = PBXBuildFile; fileRef = 5F4378CD1844EC7100B5ADFC /* WHMainWindowController.xib */; };
		5F944B0E18545E2E000A791D /* libssl.dylib in Frameworks */ = {isa = PBXBuildFile; fileRef = 5F944B0D18545E2E000A791D /* libssl.dylib */; };
		5F944B1218545E75000A791D /* Security.framework in Frameworks */ = {isa = PBXBuildFile; fileRef = 5F944B1118545E75000A791D /* Security.framework */; };
		5F944B1418545F80000A791D /* libcrypto.dylib in Frameworks */ = {isa = PBXBuildFile; fileRef = 5F944B1318545F80000A791D /* libcrypto.dylib */; };
		5FB8229B184B2DC900FEB020 /* WHSearch.m in Sources */ = {isa = PBXBuildFile; fileRef = 5FB8229A184B2DC900FEB020 /* WHSearch.m */; };
		5FB8229F184B2E3300FEB020 /* WHDBManager.m in Sources */ = {isa = PBXBuildFile; fileRef = 5FB8229E184B2E3300FEB020 /* WHDBManager.m */; };
		5FB822A2184B336600FEB020 /* WHContact.m in Sources */ = {isa = PBXBuildFile; fileRef = 5FB822A1184B336600FEB020 /* WHContact.m */; };
		5FB822A5184B9CDA00FEB020 /* WHConversation.m in Sources */ = {isa = PBXBuildFile; fileRef = 5FB822A4184B9CDA00FEB020 /* WHConversation.m */; };
		5FB822A8184B9E4F00FEB020 /* WHMessage.m in Sources */ = {isa = PBXBuildFile; fileRef = 5FB822A7184B9E4F00FEB020 /* WHMessage.m */; };
		5FC908E31854D40600062006 /* WHApp.m in Sources */ = {isa = PBXBuildFile; fileRef = 5FC908E21854D40600062006 /* WHApp.m */; };
		5FC908E61854D56E00062006 /* NSString+WHHelper.m in Sources */ = {isa = PBXBuildFile; fileRef = 5FC908E51854D56E00062006 /* NSString+WHHelper.m */; };
		5FC908E91854D5D400062006 /* NSDictionary+WHHelper.m in Sources */ = {isa = PBXBuildFile; fileRef = 5FC908E81854D5D400062006 /* NSDictionary+WHHelper.m */; };
		5FC908EC1854DBAA00062006 /* WHAfcHelper.m in Sources */ = {isa = PBXBuildFile; fileRef = 5FC908EB1854DBAA00062006 /* WHAfcHelper.m */; };
		5FCD5D3018575FA0007EB3E9 /* NSView+WHAddtion.m in Sources */ = {isa = PBXBuildFile; fileRef = 5FCD5D2F18575FA0007EB3E9 /* NSView+WHAddtion.m */; };
		5FCD5D3418576263007EB3E9 /* WHConversationListViewController.m in Sources */ = {isa = PBXBuildFile; fileRef = 5FCD5D3218576263007EB3E9 /* WHConversationListViewController.m */; };
		5FCD5D3518576263007EB3E9 /* WHConversationListViewController.xib in Resources */ = {isa = PBXBuildFile; fileRef = 5FCD5D3318576263007EB3E9 /* WHConversationListViewController.xib */; };
		5FCD5D391857636C007EB3E9 /* WHNoneDeviceViewController.m in Sources */ = {isa = PBXBuildFile; fileRef = 5FCD5D371857636C007EB3E9 /* WHNoneDeviceViewController.m */; };
		5FCD5D3A1857636C007EB3E9 /* WHNoneDeviceViewController.xib in Resources */ = {isa = PBXBuildFile; fileRef = 5FCD5D381857636C007EB3E9 /* WHNoneDeviceViewController.xib */; };
		5FEB312C1844FF040064B200 /* NSAlert+Popover.m in Sources */ = {isa = PBXBuildFile; fileRef = 5FEB312B1844FF040064B200 /* NSAlert+Popover.m */; };
		5FEB312E184505890064B200 /* QuartzCore.framework in Frameworks */ = {isa = PBXBuildFile; fileRef = 5FEB312D184505890064B200 /* QuartzCore.framework */; };
		D3480C47DECB4385AC5A0F00 /* libPods.a in Frameworks */ = {isa = PBXBuildFile; fileRef = 6DAE191368C54FD5B3AD8ED4 /* libPods.a */; };
/* End PBXBuildFile section */

/* Begin PBXContainerItemProxy section */
		5F4378B41844EB9B00B5ADFC /* PBXContainerItemProxy */ = {
			isa = PBXContainerItemProxy;
			containerPortal = 5F4378871844EB9B00B5ADFC /* Project object */;
			proxyType = 1;
			remoteGlobalIDString = 5F43788E1844EB9B00B5ADFC;
			remoteInfo = WeixinHistory;
		};
/* End PBXContainerItemProxy section */

/* Begin PBXFileReference section */
		5F3D9E0A1855FA8E0004E9E2 /* WHBaseViewController.h */ = {isa = PBXFileReference; fileEncoding = 4; lastKnownFileType = sourcecode.c.h; path = WHBaseViewController.h; sourceTree = "<group>"; };
		5F3D9E0B1855FA8E0004E9E2 /* WHBaseViewController.m */ = {isa = PBXFileReference; fileEncoding = 4; lastKnownFileType = sourcecode.c.objc; path = WHBaseViewController.m; sourceTree = "<group>"; };
		5F3D9E0C1855FA8E0004E9E2 /* WHBaseViewController.xib */ = {isa = PBXFileReference; fileEncoding = 4; lastKnownFileType = file.xib; path = WHBaseViewController.xib; sourceTree = "<group>"; };
		5F3D9E0F1855FB060004E9E2 /* WHDeviceViewController.h */ = {isa = PBXFileReference; fileEncoding = 4; lastKnownFileType = sourcecode.c.h; path = WHDeviceViewController.h; sourceTree = "<group>"; };
		5F3D9E101855FB060004E9E2 /* WHDeviceViewController.m */ = {isa = PBXFileReference; fileEncoding = 4; lastKnownFileType = sourcecode.c.objc; path = WHDeviceViewController.m; sourceTree = "<group>"; };
		5F3D9E111855FB060004E9E2 /* WHDeviceViewController.xib */ = {isa = PBXFileReference; fileEncoding = 4; lastKnownFileType = file.xib; path = WHDeviceViewController.xib; sourceTree = "<group>"; };
		5F3D9E14185600960004E9E2 /* WHDeviceTableViewCell.h */ = {isa = PBXFileReference; fileEncoding = 4; lastKnownFileType = sourcecode.c.h; path = WHDeviceTableViewCell.h; sourceTree = "<group>"; };
		5F3D9E15185600960004E9E2 /* WHDeviceTableViewCell.m */ = {isa = PBXFileReference; fileEncoding = 4; lastKnownFileType = sourcecode.c.objc; path = WHDeviceTableViewCell.m; sourceTree = "<group>"; };
		5F3D9E1A18561CAA0004E9E2 /* WHDevice+Weixin.h */ = {isa = PBXFileReference; fileEncoding = 4; lastKnownFileType = sourcecode.c.h; path = "WHDevice+Weixin.h"; sourceTree = "<group>"; };
		5F3D9E1B18561CAA0004E9E2 /* WHDevice+Weixin.m */ = {isa = PBXFileReference; fileEncoding = 4; lastKnownFileType = sourcecode.c.objc; path = "WHDevice+Weixin.m"; sourceTree = "<group>"; };
		5F3D9E1D18561F410004E9E2 /* WHApp+Weixin.h */ = {isa = PBXFileReference; fileEncoding = 4; lastKnownFileType = sourcecode.c.h; path = "WHApp+Weixin.h"; sourceTree = "<group>"; };
		5F3D9E1E18561F410004E9E2 /* WHApp+Weixin.m */ = {isa = PBXFileReference; fileEncoding = 4; lastKnownFileType = sourcecode.c.objc; path = "WHApp+Weixin.m"; sourceTree = "<group>"; };
		5F409F861853212C007EB9CD /* NSImage+Resize.h */ = {isa = PBXFileReference; fileEncoding = 4; lastKnownFileType = sourcecode.c.h; path = "NSImage+Resize.h"; sourceTree = "<group>"; };
		5F409F871853212C007EB9CD /* NSImage+Resize.m */ = {isa = PBXFileReference; fileEncoding = 4; lastKnownFileType = sourcecode.c.objc; path = "NSImage+Resize.m"; sourceTree = "<group>"; };
		5F409F8A185342CE007EB9CD /* WHContactsViewController.h */ = {isa = PBXFileReference; fileEncoding = 4; lastKnownFileType = sourcecode.c.h; path = WHContactsViewController.h; sourceTree = "<group>"; };
		5F409F8B185342CE007EB9CD /* WHContactsViewController.m */ = {isa = PBXFileReference; fileEncoding = 4; lastKnownFileType = sourcecode.c.objc; path = WHContactsViewController.m; sourceTree = "<group>"; };
		5F409F8C185342CE007EB9CD /* WHContactsViewController.xib */ = {isa = PBXFileReference; fileEncoding = 4; lastKnownFileType = file.xib; path = WHContactsViewController.xib; sourceTree = "<group>"; };
		5F409F9018538448007EB9CD /* WHDeviceManager.h */ = {isa = PBXFileReference; fileEncoding = 4; lastKnownFileType = sourcecode.c.h; path = WHDeviceManager.h; sourceTree = "<group>"; };
		5F409F9118538448007EB9CD /* WHDeviceManager.m */ = {isa = PBXFileReference; fileEncoding = 4; lastKnownFileType = sourcecode.c.objc; path = WHDeviceManager.m; sourceTree = "<group>"; };
		5F409F9318538C11007EB9CD /* WHDevice.h */ = {isa = PBXFileReference; fileEncoding = 4; lastKnownFileType = sourcecode.c.h; path = WHDevice.h; sourceTree = "<group>"; };
		5F409F9418538C11007EB9CD /* WHDevice.m */ = {isa = PBXFileReference; fileEncoding = 4; lastKnownFileType = sourcecode.c.objc; path = WHDevice.m; sourceTree = "<group>"; };
		5F43788F1844EB9B00B5ADFC /* WeixinHistory.app */ = {isa = PBXFileReference; explicitFileType = wrapper.application; includeInIndex = 0; path = WeixinHistory.app; sourceTree = BUILT_PRODUCTS_DIR; };
		5F4378921844EB9B00B5ADFC /* Cocoa.framework */ = {isa = PBXFileReference; lastKnownFileType = wrapper.framework; name = Cocoa.framework; path = System/Library/Frameworks/Cocoa.framework; sourceTree = SDKROOT; };
		5F4378951844EB9B00B5ADFC /* AppKit.framework */ = {isa = PBXFileReference; lastKnownFileType = wrapper.framework; name = AppKit.framework; path = System/Library/Frameworks/AppKit.framework; sourceTree = SDKROOT; };
		5F4378961844EB9B00B5ADFC /* CoreData.framework */ = {isa = PBXFileReference; lastKnownFileType = wrapper.framework; name = CoreData.framework; path = System/Library/Frameworks/CoreData.framework; sourceTree = SDKROOT; };
		5F4378971844EB9B00B5ADFC /* Foundation.framework */ = {isa = PBXFileReference; lastKnownFileType = wrapper.framework; name = Foundation.framework; path = System/Library/Frameworks/Foundation.framework; sourceTree = SDKROOT; };
		5F43789A1844EB9B00B5ADFC /* WeixinHistory-Info.plist */ = {isa = PBXFileReference; lastKnownFileType = text.plist.xml; path = "WeixinHistory-Info.plist"; sourceTree = "<group>"; };
		5F43789C1844EB9B00B5ADFC /* en */ = {isa = PBXFileReference; lastKnownFileType = text.plist.strings; name = en; path = en.lproj/InfoPlist.strings; sourceTree = "<group>"; };
		5F43789E1844EB9B00B5ADFC /* main.m */ = {isa = PBXFileReference; lastKnownFileType = sourcecode.c.objc; path = main.m; sourceTree = "<group>"; };
		5F4378A01844EB9B00B5ADFC /* WeixinHistory-Prefix.pch */ = {isa = PBXFileReference; lastKnownFileType = sourcecode.c.h; path = "WeixinHistory-Prefix.pch"; sourceTree = "<group>"; };
		5F4378A21844EB9B00B5ADFC /* en */ = {isa = PBXFileReference; lastKnownFileType = text.rtf; name = en; path = en.lproj/Credits.rtf; sourceTree = "<group>"; };
		5F4378A41844EB9B00B5ADFC /* WHAppDelegate.h */ = {isa = PBXFileReference; lastKnownFileType = sourcecode.c.h; path = WHAppDelegate.h; sourceTree = "<group>"; };
		5F4378A51844EB9B00B5ADFC /* WHAppDelegate.m */ = {isa = PBXFileReference; lastKnownFileType = sourcecode.c.objc; path = WHAppDelegate.m; sourceTree = "<group>"; };
		5F4378A81844EB9B00B5ADFC /* Base */ = {isa = PBXFileReference; lastKnownFileType = file.xib; name = Base; path = Base.lproj/MainMenu.xib; sourceTree = "<group>"; };
		5F4378AA1844EB9B00B5ADFC /* Images.xcassets */ = {isa = PBXFileReference; lastKnownFileType = folder.assetcatalog; path = Images.xcassets; sourceTree = "<group>"; };
		5F4378B01844EB9B00B5ADFC /* WeixinHistoryTests.xctest */ = {isa = PBXFileReference; explicitFileType = wrapper.cfbundle; includeInIndex = 0; path = WeixinHistoryTests.xctest; sourceTree = BUILT_PRODUCTS_DIR; };
		5F4378B11844EB9B00B5ADFC /* XCTest.framework */ = {isa = PBXFileReference; lastKnownFileType = wrapper.framework; name = XCTest.framework; path = Library/Frameworks/XCTest.framework; sourceTree = DEVELOPER_DIR; };
		5F4378B81844EB9B00B5ADFC /* WeixinHistoryTests-Info.plist */ = {isa = PBXFileReference; lastKnownFileType = text.plist.xml; path = "WeixinHistoryTests-Info.plist"; sourceTree = "<group>"; };
		5F4378BA1844EB9B00B5ADFC /* en */ = {isa = PBXFileReference; lastKnownFileType = text.plist.strings; name = en; path = en.lproj/InfoPlist.strings; sourceTree = "<group>"; };
		5F4378BC1844EB9B00B5ADFC /* WeixinHistoryTests.m */ = {isa = PBXFileReference; lastKnownFileType = sourcecode.c.objc; path = WeixinHistoryTests.m; sourceTree = "<group>"; };
		5F4378C61844EBCD00B5ADFC /* WHBaseWindowController.h */ = {isa = PBXFileReference; fileEncoding = 4; lastKnownFileType = sourcecode.c.h; path = WHBaseWindowController.h; sourceTree = "<group>"; };
		5F4378C71844EBCD00B5ADFC /* WHBaseWindowController.m */ = {isa = PBXFileReference; fileEncoding = 4; lastKnownFileType = sourcecode.c.objc; path = WHBaseWindowController.m; sourceTree = "<group>"; };
		5F4378C81844EBCD00B5ADFC /* WHBaseWindowController.xib */ = {isa = PBXFileReference; fileEncoding = 4; lastKnownFileType = file.xib; path = WHBaseWindowController.xib; sourceTree = "<group>"; };
		5F4378CB1844EC7100B5ADFC /* WHMainWindowController.h */ = {isa = PBXFileReference; fileEncoding = 4; lastKnownFileType = sourcecode.c.h; path = WHMainWindowController.h; sourceTree = "<group>"; };
		5F4378CC1844EC7100B5ADFC /* WHMainWindowController.m */ = {isa = PBXFileReference; fileEncoding = 4; lastKnownFileType = sourcecode.c.objc; path = WHMainWindowController.m; sourceTree = "<group>"; };
		5F4378CD1844EC7100B5ADFC /* WHMainWindowController.xib */ = {isa = PBXFileReference; fileEncoding = 4; lastKnownFileType = file.xib; path = WHMainWindowController.xib; sourceTree = "<group>"; };
		5F944B0D18545E2E000A791D /* libssl.dylib */ = {isa = PBXFileReference; lastKnownFileType = "compiled.mach-o.dylib"; name = libssl.dylib; path = usr/lib/libssl.dylib; sourceTree = SDKROOT; };
		5F944B0F18545E42000A791D /* libssl.0.9.8.dylib */ = {isa = PBXFileReference; lastKnownFileType = "compiled.mach-o.dylib"; name = libssl.0.9.8.dylib; path = usr/lib/libssl.0.9.8.dylib; sourceTree = SDKROOT; };
		5F944B1118545E75000A791D /* Security.framework */ = {isa = PBXFileReference; lastKnownFileType = wrapper.framework; name = Security.framework; path = System/Library/Frameworks/Security.framework; sourceTree = SDKROOT; };
		5F944B1318545F80000A791D /* libcrypto.dylib */ = {isa = PBXFileReference; lastKnownFileType = "compiled.mach-o.dylib"; name = libcrypto.dylib; path = usr/lib/libcrypto.dylib; sourceTree = SDKROOT; };
		5FB82299184B2DC900FEB020 /* WHSearch.h */ = {isa = PBXFileReference; fileEncoding = 4; lastKnownFileType = sourcecode.c.h; path = WHSearch.h; sourceTree = "<group>"; };
		5FB8229A184B2DC900FEB020 /* WHSearch.m */ = {isa = PBXFileReference; fileEncoding = 4; lastKnownFileType = sourcecode.c.objc; path = WHSearch.m; sourceTree = "<group>"; };
		5FB8229D184B2E3300FEB020 /* WHDBManager.h */ = {isa = PBXFileReference; fileEncoding = 4; lastKnownFileType = sourcecode.c.h; path = WHDBManager.h; sourceTree = "<group>"; };
		5FB8229E184B2E3300FEB020 /* WHDBManager.m */ = {isa = PBXFileReference; fileEncoding = 4; lastKnownFileType = sourcecode.c.objc; path = WHDBManager.m; sourceTree = "<group>"; };
		5FB822A0184B336600FEB020 /* WHContact.h */ = {isa = PBXFileReference; fileEncoding = 4; lastKnownFileType = sourcecode.c.h; path = WHContact.h; sourceTree = "<group>"; };
		5FB822A1184B336600FEB020 /* WHContact.m */ = {isa = PBXFileReference; fileEncoding = 4; lastKnownFileType = sourcecode.c.objc; path = WHContact.m; sourceTree = "<group>"; };
		5FB822A3184B9CDA00FEB020 /* WHConversation.h */ = {isa = PBXFileReference; fileEncoding = 4; lastKnownFileType = sourcecode.c.h; path = WHConversation.h; sourceTree = "<group>"; };
		5FB822A4184B9CDA00FEB020 /* WHConversation.m */ = {isa = PBXFileReference; fileEncoding = 4; lastKnownFileType = sourcecode.c.objc; path = WHConversation.m; sourceTree = "<group>"; };
		5FB822A6184B9E4F00FEB020 /* WHMessage.h */ = {isa = PBXFileReference; fileEncoding = 4; lastKnownFileType = sourcecode.c.h; path = WHMessage.h; sourceTree = "<group>"; };
		5FB822A7184B9E4F00FEB020 /* WHMessage.m */ = {isa = PBXFileReference; fileEncoding = 4; lastKnownFileType = sourcecode.c.objc; path = WHMessage.m; sourceTree = "<group>"; };
		5FC908E11854D40600062006 /* WHApp.h */ = {isa = PBXFileReference; fileEncoding = 4; lastKnownFileType = sourcecode.c.h; path = WHApp.h; sourceTree = "<group>"; };
		5FC908E21854D40600062006 /* WHApp.m */ = {isa = PBXFileReference; fileEncoding = 4; lastKnownFileType = sourcecode.c.objc; path = WHApp.m; sourceTree = "<group>"; };
		5FC908E41854D56E00062006 /* NSString+WHHelper.h */ = {isa = PBXFileReference; fileEncoding = 4; lastKnownFileType = sourcecode.c.h; path = "NSString+WHHelper.h"; sourceTree = "<group>"; };
		5FC908E51854D56E00062006 /* NSString+WHHelper.m */ = {isa = PBXFileReference; fileEncoding = 4; lastKnownFileType = sourcecode.c.objc; path = "NSString+WHHelper.m"; sourceTree = "<group>"; };
		5FC908E71854D5D400062006 /* NSDictionary+WHHelper.h */ = {isa = PBXFileReference; fileEncoding = 4; lastKnownFileType = sourcecode.c.h; path = "NSDictionary+WHHelper.h"; sourceTree = "<group>"; };
		5FC908E81854D5D400062006 /* NSDictionary+WHHelper.m */ = {isa = PBXFileReference; fileEncoding = 4; lastKnownFileType = sourcecode.c.objc; path = "NSDictionary+WHHelper.m"; sourceTree = "<group>"; };
		5FC908EA1854DBAA00062006 /* WHAfcHelper.h */ = {isa = PBXFileReference; fileEncoding = 4; lastKnownFileType = sourcecode.c.h; path = WHAfcHelper.h; sourceTree = "<group>"; };
		5FC908EB1854DBAA00062006 /* WHAfcHelper.m */ = {isa = PBXFileReference; fileEncoding = 4; lastKnownFileType = sourcecode.c.objc; path = WHAfcHelper.m; sourceTree = "<group>"; };
		5FCD5D2E18575FA0007EB3E9 /* NSView+WHAddtion.h */ = {isa = PBXFileReference; fileEncoding = 4; lastKnownFileType = sourcecode.c.h; path = "NSView+WHAddtion.h"; sourceTree = "<group>"; };
		5FCD5D2F18575FA0007EB3E9 /* NSView+WHAddtion.m */ = {isa = PBXFileReference; fileEncoding = 4; lastKnownFileType = sourcecode.c.objc; path = "NSView+WHAddtion.m"; sourceTree = "<group>"; };
		5FCD5D3118576263007EB3E9 /* WHConversationListViewController.h */ = {isa = PBXFileReference; fileEncoding = 4; lastKnownFileType = sourcecode.c.h; path = WHConversationListViewController.h; sourceTree = "<group>"; };
		5FCD5D3218576263007EB3E9 /* WHConversationListViewController.m */ = {isa = PBXFileReference; fileEncoding = 4; lastKnownFileType = sourcecode.c.objc; path = WHConversationListViewController.m; sourceTree = "<group>"; };
		5FCD5D3318576263007EB3E9 /* WHConversationListViewController.xib */ = {isa = PBXFileReference; fileEncoding = 4; lastKnownFileType = file.xib; path = WHConversationListViewController.xib; sourceTree = "<group>"; };
		5FCD5D361857636C007EB3E9 /* WHNoneDeviceViewController.h */ = {isa = PBXFileReference; fileEncoding = 4; lastKnownFileType = sourcecode.c.h; path = WHNoneDeviceViewController.h; sourceTree = "<group>"; };
		5FCD5D371857636C007EB3E9 /* WHNoneDeviceViewController.m */ = {isa = PBXFileReference; fileEncoding = 4; lastKnownFileType = sourcecode.c.objc; path = WHNoneDeviceViewController.m; sourceTree = "<group>"; };
		5FCD5D381857636C007EB3E9 /* WHNoneDeviceViewController.xib */ = {isa = PBXFileReference; fileEncoding = 4; lastKnownFileType = file.xib; path = WHNoneDeviceViewController.xib; sourceTree = "<group>"; };
		5FEB312A1844FF040064B200 /* NSAlert+Popover.h */ = {isa = PBXFileReference; fileEncoding = 4; lastKnownFileType = sourcecode.c.h; path = "NSAlert+Popover.h"; sourceTree = "<group>"; };
		5FEB312B1844FF040064B200 /* NSAlert+Popover.m */ = {isa = PBXFileReference; fileEncoding = 4; lastKnownFileType = sourcecode.c.objc; path = "NSAlert+Popover.m"; sourceTree = "<group>"; };
		5FEB312D184505890064B200 /* QuartzCore.framework */ = {isa = PBXFileReference; lastKnownFileType = wrapper.framework; name = QuartzCore.framework; path = System/Library/Frameworks/QuartzCore.framework; sourceTree = SDKROOT; };
		6DAE191368C54FD5B3AD8ED4 /* libPods.a */ = {isa = PBXFileReference; explicitFileType = archive.ar; includeInIndex = 0; path = libPods.a; sourceTree = BUILT_PRODUCTS_DIR; };
		AF1E3E8C28AC4D699B65D9DD /* Pods.xcconfig */ = {isa = PBXFileReference; includeInIndex = 1; lastKnownFileType = text.xcconfig; name = Pods.xcconfig; path = Pods/Pods.xcconfig; sourceTree = "<group>"; };
/* End PBXFileReference section */

/* Begin PBXFrameworksBuildPhase section */
		5F43788C1844EB9B00B5ADFC /* Frameworks */ = {
			isa = PBXFrameworksBuildPhase;
			buildActionMask = 2147483647;
			files = (
				5F944B1418545F80000A791D /* libcrypto.dylib in Frameworks */,
				5F944B1218545E75000A791D /* Security.framework in Frameworks */,
				5F944B0E18545E2E000A791D /* libssl.dylib in Frameworks */,
				5FEB312E184505890064B200 /* QuartzCore.framework in Frameworks */,
				5F4378931844EB9B00B5ADFC /* Cocoa.framework in Frameworks */,
				D3480C47DECB4385AC5A0F00 /* libPods.a in Frameworks */,
			);
			runOnlyForDeploymentPostprocessing = 0;
		};
		5F4378AD1844EB9B00B5ADFC /* Frameworks */ = {
			isa = PBXFrameworksBuildPhase;
			buildActionMask = 2147483647;
			files = (
				5F4378B31844EB9B00B5ADFC /* Cocoa.framework in Frameworks */,
				5F4378B21844EB9B00B5ADFC /* XCTest.framework in Frameworks */,
			);
			runOnlyForDeploymentPostprocessing = 0;
		};
/* End PBXFrameworksBuildPhase section */

/* Begin PBXGroup section */
		5F3D9E1918561C830004E9E2 /* Weixin */ = {
			isa = PBXGroup;
			children = (
				5F3D9E1A18561CAA0004E9E2 /* WHDevice+Weixin.h */,
				5F3D9E1B18561CAA0004E9E2 /* WHDevice+Weixin.m */,
				5F3D9E1D18561F410004E9E2 /* WHApp+Weixin.h */,
				5F3D9E1E18561F410004E9E2 /* WHApp+Weixin.m */,
			);
			name = Weixin;
			sourceTree = "<group>";
		};
		5F409F8918532DE8007EB9CD /* MainWindow */ = {
			isa = PBXGroup;
			children = (
				5F4378CB1844EC7100B5ADFC /* WHMainWindowController.h */,
				5F4378CC1844EC7100B5ADFC /* WHMainWindowController.m */,
				5F4378CD1844EC7100B5ADFC /* WHMainWindowController.xib */,
				5F409F8A185342CE007EB9CD /* WHContactsViewController.h */,
				5F409F8B185342CE007EB9CD /* WHContactsViewController.m */,
				5F409F8C185342CE007EB9CD /* WHContactsViewController.xib */,
				5FCD5D3118576263007EB3E9 /* WHConversationListViewController.h */,
				5FCD5D3218576263007EB3E9 /* WHConversationListViewController.m */,
				5FCD5D3318576263007EB3E9 /* WHConversationListViewController.xib */,
				5FCD5D361857636C007EB3E9 /* WHNoneDeviceViewController.h */,
				5FCD5D371857636C007EB3E9 /* WHNoneDeviceViewController.m */,
				5FCD5D381857636C007EB3E9 /* WHNoneDeviceViewController.xib */,
				5F3D9E0F1855FB060004E9E2 /* WHDeviceViewController.h */,
				5F3D9E101855FB060004E9E2 /* WHDeviceViewController.m */,
				5F3D9E111855FB060004E9E2 /* WHDeviceViewController.xib */,
				5F3D9E14185600960004E9E2 /* WHDeviceTableViewCell.h */,
				5F3D9E15185600960004E9E2 /* WHDeviceTableViewCell.m */,
			);
			name = MainWindow;
			sourceTree = "<group>";
		};
		5F409F8F18538434007EB9CD /* DeviceManager */ = {
			isa = PBXGroup;
			children = (
				5F409F9018538448007EB9CD /* WHDeviceManager.h */,
				5F409F9118538448007EB9CD /* WHDeviceManager.m */,
				5F409F9318538C11007EB9CD /* WHDevice.h */,
				5F409F9418538C11007EB9CD /* WHDevice.m */,
				5FC908E11854D40600062006 /* WHApp.h */,
				5FC908E21854D40600062006 /* WHApp.m */,
				5FC908E41854D56E00062006 /* NSString+WHHelper.h */,
				5FC908E51854D56E00062006 /* NSString+WHHelper.m */,
				5FC908E71854D5D400062006 /* NSDictionary+WHHelper.h */,
				5FC908E81854D5D400062006 /* NSDictionary+WHHelper.m */,
				5FC908EA1854DBAA00062006 /* WHAfcHelper.h */,
				5FC908EB1854DBAA00062006 /* WHAfcHelper.m */,
			);
			name = DeviceManager;
			sourceTree = "<group>";
		};
		5F4378861844EB9B00B5ADFC = {
			isa = PBXGroup;
			children = (
				5F4378981844EB9B00B5ADFC /* WeixinHistory */,
				5F4378B61844EB9B00B5ADFC /* WeixinHistoryTests */,
				5F4378911844EB9B00B5ADFC /* Frameworks */,
				5F4378901844EB9B00B5ADFC /* Products */,
				AF1E3E8C28AC4D699B65D9DD /* Pods.xcconfig */,
			);
			sourceTree = "<group>";
		};
		5F4378901844EB9B00B5ADFC /* Products */ = {
			isa = PBXGroup;
			children = (
				5F43788F1844EB9B00B5ADFC /* WeixinHistory.app */,
				5F4378B01844EB9B00B5ADFC /* WeixinHistoryTests.xctest */,
			);
			name = Products;
			sourceTree = "<group>";
		};
		5F4378911844EB9B00B5ADFC /* Frameworks */ = {
			isa = PBXGroup;
			children = (
				5F944B1318545F80000A791D /* libcrypto.dylib */,
				5F944B1118545E75000A791D /* Security.framework */,
				5F944B0F18545E42000A791D /* libssl.0.9.8.dylib */,
				5F944B0D18545E2E000A791D /* libssl.dylib */,
				5FEB312D184505890064B200 /* QuartzCore.framework */,
				5F4378921844EB9B00B5ADFC /* Cocoa.framework */,
				5F4378B11844EB9B00B5ADFC /* XCTest.framework */,
				5F4378941844EB9B00B5ADFC /* Other Frameworks */,
				6DAE191368C54FD5B3AD8ED4 /* libPods.a */,
			);
			name = Frameworks;
			sourceTree = "<group>";
		};
		5F4378941844EB9B00B5ADFC /* Other Frameworks */ = {
			isa = PBXGroup;
			children = (
				5F4378951844EB9B00B5ADFC /* AppKit.framework */,
				5F4378961844EB9B00B5ADFC /* CoreData.framework */,
				5F4378971844EB9B00B5ADFC /* Foundation.framework */,
			);
			name = "Other Frameworks";
			sourceTree = "<group>";
		};
		5F4378981844EB9B00B5ADFC /* WeixinHistory */ = {
			isa = PBXGroup;
			children = (
				5F3D9E1918561C830004E9E2 /* Weixin */,
				5F409F8F18538434007EB9CD /* DeviceManager */,
				5FB8229C184B2E1D00FEB020 /* WHDBManager */,
				5FB82298184B2D9C00FEB020 /* SQLString */,
				5FEB31291844FEF20064B200 /* Library */,
				5F4378D01844EC7D00B5ADFC /* Windows */,
				5F4378A41844EB9B00B5ADFC /* WHAppDelegate.h */,
				5F4378A51844EB9B00B5ADFC /* WHAppDelegate.m */,
				5F4378A71844EB9B00B5ADFC /* MainMenu.xib */,
				5F4378AA1844EB9B00B5ADFC /* Images.xcassets */,
				5F4378991844EB9B00B5ADFC /* Supporting Files */,
			);
			path = WeixinHistory;
			sourceTree = "<group>";
		};
		5F4378991844EB9B00B5ADFC /* Supporting Files */ = {
			isa = PBXGroup;
			children = (
				5F43789A1844EB9B00B5ADFC /* WeixinHistory-Info.plist */,
				5F43789B1844EB9B00B5ADFC /* InfoPlist.strings */,
				5F43789E1844EB9B00B5ADFC /* main.m */,
				5F4378A01844EB9B00B5ADFC /* WeixinHistory-Prefix.pch */,
				5F4378A11844EB9B00B5ADFC /* Credits.rtf */,
			);
			name = "Supporting Files";
			sourceTree = "<group>";
		};
		5F4378B61844EB9B00B5ADFC /* WeixinHistoryTests */ = {
			isa = PBXGroup;
			children = (
				5F4378BC1844EB9B00B5ADFC /* WeixinHistoryTests.m */,
				5F4378B71844EB9B00B5ADFC /* Supporting Files */,
			);
			path = WeixinHistoryTests;
			sourceTree = "<group>";
		};
		5F4378B71844EB9B00B5ADFC /* Supporting Files */ = {
			isa = PBXGroup;
			children = (
				5F4378B81844EB9B00B5ADFC /* WeixinHistoryTests-Info.plist */,
				5F4378B91844EB9B00B5ADFC /* InfoPlist.strings */,
			);
			name = "Supporting Files";
			sourceTree = "<group>";
		};
		5F4378D01844EC7D00B5ADFC /* Windows */ = {
			isa = PBXGroup;
			children = (
				5F409F8918532DE8007EB9CD /* MainWindow */,
				5F4378C61844EBCD00B5ADFC /* WHBaseWindowController.h */,
				5F4378C71844EBCD00B5ADFC /* WHBaseWindowController.m */,
				5F4378C81844EBCD00B5ADFC /* WHBaseWindowController.xib */,
				5F3D9E0A1855FA8E0004E9E2 /* WHBaseViewController.h */,
				5F3D9E0B1855FA8E0004E9E2 /* WHBaseViewController.m */,
				5F3D9E0C1855FA8E0004E9E2 /* WHBaseViewController.xib */,
			);
			name = Windows;
			sourceTree = "<group>";
		};
		5FB82298184B2D9C00FEB020 /* SQLString */ = {
			isa = PBXGroup;
			children = (
				5FB82299184B2DC900FEB020 /* WHSearch.h */,
				5FB8229A184B2DC900FEB020 /* WHSearch.m */,
			);
			name = SQLString;
			sourceTree = "<group>";
		};
		5FB8229C184B2E1D00FEB020 /* WHDBManager */ = {
			isa = PBXGroup;
			children = (
				5FB8229D184B2E3300FEB020 /* WHDBManager.h */,
				5FB8229E184B2E3300FEB020 /* WHDBManager.m */,
				5FB822A0184B336600FEB020 /* WHContact.h */,
				5FB822A1184B336600FEB020 /* WHContact.m */,
				5FB822A3184B9CDA00FEB020 /* WHConversation.h */,
				5FB822A4184B9CDA00FEB020 /* WHConversation.m */,
				5FB822A6184B9E4F00FEB020 /* WHMessage.h */,
				5FB822A7184B9E4F00FEB020 /* WHMessage.m */,
			);
			name = WHDBManager;
			sourceTree = "<group>";
		};
		5FEB31291844FEF20064B200 /* Library */ = {
			isa = PBXGroup;
			children = (
				5FEB312A1844FF040064B200 /* NSAlert+Popover.h */,
				5FEB312B1844FF040064B200 /* NSAlert+Popover.m */,
				5F409F861853212C007EB9CD /* NSImage+Resize.h */,
				5F409F871853212C007EB9CD /* NSImage+Resize.m */,
				5FCD5D2E18575FA0007EB3E9 /* NSView+WHAddtion.h */,
				5FCD5D2F18575FA0007EB3E9 /* NSView+WHAddtion.m */,
			);
			name = Library;
			sourceTree = "<group>";
		};
/* End PBXGroup section */

/* Begin PBXNativeTarget section */
		5F43788E1844EB9B00B5ADFC /* WeixinHistory */ = {
			isa = PBXNativeTarget;
			buildConfigurationList = 5F4378C01844EB9B00B5ADFC /* Build configuration list for PBXNativeTarget "WeixinHistory" */;
			buildPhases = (
				12FDB57DD2A144CD94052F21 /* Check Pods Manifest.lock */,
				5F43788B1844EB9B00B5ADFC /* Sources */,
				5F43788C1844EB9B00B5ADFC /* Frameworks */,
				5F43788D1844EB9B00B5ADFC /* Resources */,
				10A1F7BA1A6A462D8B027572 /* Copy Pods Resources */,
			);
			buildRules = (
			);
			dependencies = (
			);
			name = WeixinHistory;
			productName = WeixinHistory;
			productReference = 5F43788F1844EB9B00B5ADFC /* WeixinHistory.app */;
			productType = "com.apple.product-type.application";
		};
		5F4378AF1844EB9B00B5ADFC /* WeixinHistoryTests */ = {
			isa = PBXNativeTarget;
			buildConfigurationList = 5F4378C31844EB9B00B5ADFC /* Build configuration list for PBXNativeTarget "WeixinHistoryTests" */;
			buildPhases = (
				5F4378AC1844EB9B00B5ADFC /* Sources */,
				5F4378AD1844EB9B00B5ADFC /* Frameworks */,
				5F4378AE1844EB9B00B5ADFC /* Resources */,
			);
			buildRules = (
			);
			dependencies = (
				5F4378B51844EB9B00B5ADFC /* PBXTargetDependency */,
			);
			name = WeixinHistoryTests;
			productName = WeixinHistoryTests;
			productReference = 5F4378B01844EB9B00B5ADFC /* WeixinHistoryTests.xctest */;
			productType = "com.apple.product-type.bundle.unit-test";
		};
/* End PBXNativeTarget section */

/* Begin PBXProject section */
		5F4378871844EB9B00B5ADFC /* Project object */ = {
			isa = PBXProject;
			attributes = {
				CLASSPREFIX = WH;
				LastUpgradeCheck = 0500;
				ORGANIZATIONNAME = XCC;
				TargetAttributes = {
					5F4378AF1844EB9B00B5ADFC = {
						TestTargetID = 5F43788E1844EB9B00B5ADFC;
					};
				};
			};
			buildConfigurationList = 5F43788A1844EB9B00B5ADFC /* Build configuration list for PBXProject "WeixinHistory" */;
			compatibilityVersion = "Xcode 3.2";
			developmentRegion = English;
			hasScannedForEncodings = 0;
			knownRegions = (
				en,
				Base,
			);
			mainGroup = 5F4378861844EB9B00B5ADFC;
			productRefGroup = 5F4378901844EB9B00B5ADFC /* Products */;
			projectDirPath = "";
			projectRoot = "";
			targets = (
				5F43788E1844EB9B00B5ADFC /* WeixinHistory */,
				5F4378AF1844EB9B00B5ADFC /* WeixinHistoryTests */,
			);
		};
/* End PBXProject section */

/* Begin PBXResourcesBuildPhase section */
		5F43788D1844EB9B00B5ADFC /* Resources */ = {
			isa = PBXResourcesBuildPhase;
			buildActionMask = 2147483647;
			files = (
				5FCD5D3518576263007EB3E9 /* WHConversationListViewController.xib in Resources */,
				5F3D9E0E1855FA8E0004E9E2 /* WHBaseViewController.xib in Resources */,
				5F43789D1844EB9B00B5ADFC /* InfoPlist.strings in Resources */,
				5F4378CF1844EC7100B5ADFC /* WHMainWindowController.xib in Resources */,
				5F3D9E131855FB060004E9E2 /* WHDeviceViewController.xib in Resources */,
				5F409F8E185342CE007EB9CD /* WHContactsViewController.xib in Resources */,
				5F4378AB1844EB9B00B5ADFC /* Images.xcassets in Resources */,
				5F4378CA1844EBCD00B5ADFC /* WHBaseWindowController.xib in Resources */,
				5F4378A31844EB9B00B5ADFC /* Credits.rtf in Resources */,
				5FCD5D3A1857636C007EB3E9 /* WHNoneDeviceViewController.xib in Resources */,
				5F4378A91844EB9B00B5ADFC /* MainMenu.xib in Resources */,
			);
			runOnlyForDeploymentPostprocessing = 0;
		};
		5F4378AE1844EB9B00B5ADFC /* Resources */ = {
			isa = PBXResourcesBuildPhase;
			buildActionMask = 2147483647;
			files = (
				5F4378BB1844EB9B00B5ADFC /* InfoPlist.strings in Resources */,
			);
			runOnlyForDeploymentPostprocessing = 0;
		};
/* End PBXResourcesBuildPhase section */

/* Begin PBXShellScriptBuildPhase section */
		10A1F7BA1A6A462D8B027572 /* Copy Pods Resources */ = {
			isa = PBXShellScriptBuildPhase;
			buildActionMask = 2147483647;
			files = (
			);
			inputPaths = (
			);
			name = "Copy Pods Resources";
			outputPaths = (
			);
			runOnlyForDeploymentPostprocessing = 0;
			shellPath = /bin/sh;
			shellScript = "\"${SRCROOT}/Pods/Pods-resources.sh\"\n";
			showEnvVarsInLog = 0;
		};
		12FDB57DD2A144CD94052F21 /* Check Pods Manifest.lock */ = {
			isa = PBXShellScriptBuildPhase;
			buildActionMask = 2147483647;
			files = (
			);
			inputPaths = (
			);
			name = "Check Pods Manifest.lock";
			outputPaths = (
			);
			runOnlyForDeploymentPostprocessing = 0;
			shellPath = /bin/sh;
			shellScript = "diff \"${PODS_ROOT}/../Podfile.lock\" \"${PODS_ROOT}/Manifest.lock\" > /dev/null\nif [[ $? != 0 ]] ; then\n    cat << EOM\nerror: The sandbox is not in sync with the Podfile.lock. Run 'pod install' or update your CocoaPods installation.\nEOM\n    exit 1\nfi\n";
			showEnvVarsInLog = 0;
		};
/* End PBXShellScriptBuildPhase section */

/* Begin PBXSourcesBuildPhase section */
		5F43788B1844EB9B00B5ADFC /* Sources */ = {
			isa = PBXSourcesBuildPhase;
			buildActionMask = 2147483647;
			files = (
				5FB8229F184B2E3300FEB020 /* WHDBManager.m in Sources */,
				5F43789F1844EB9B00B5ADFC /* main.m in Sources */,
				5FC908E31854D40600062006 /* WHApp.m in Sources */,
				5FC908E61854D56E00062006 /* NSString+WHHelper.m in Sources */,
				5FB822A2184B336600FEB020 /* WHContact.m in Sources */,
				5F3D9E121855FB060004E9E2 /* WHDeviceViewController.m in Sources */,
				5F3D9E16185600960004E9E2 /* WHDeviceTableViewCell.m in Sources */,
				5FC908EC1854DBAA00062006 /* WHAfcHelper.m in Sources */,
				5FCD5D3418576263007EB3E9 /* WHConversationListViewController.m in Sources */,
				5F409F9518538C11007EB9CD /* WHDevice.m in Sources */,
				5F4378C91844EBCD00B5ADFC /* WHBaseWindowController.m in Sources */,
				5FCD5D391857636C007EB3E9 /* WHNoneDeviceViewController.m in Sources */,
				5F409F8D185342CE007EB9CD /* WHContactsViewController.m in Sources */,
				5F409F881853212C007EB9CD /* NSImage+Resize.m in Sources */,
				5FC908E91854D5D400062006 /* NSDictionary+WHHelper.m in Sources */,
				5F3D9E1C18561CAA0004E9E2 /* WHDevice+Weixin.m in Sources */,
				5F409F9218538448007EB9CD /* WHDeviceManager.m in Sources */,
				5F4378A61844EB9B00B5ADFC /* WHAppDelegate.m in Sources */,
				5F3D9E1F18561F410004E9E2 /* WHApp+Weixin.m in Sources */,
				5FB8229B184B2DC900FEB020 /* WHSearch.m in Sources */,
				5FEB312C1844FF040064B200 /* NSAlert+Popover.m in Sources */,
				5FB822A8184B9E4F00FEB020 /* WHMessage.m in Sources */,
				5FCD5D3018575FA0007EB3E9 /* NSView+WHAddtion.m in Sources */,
				5FB822A5184B9CDA00FEB020 /* WHConversation.m in Sources */,
				5F4378CE1844EC7100B5ADFC /* WHMainWindowController.m in Sources */,
				5F3D9E0D1855FA8E0004E9E2 /* WHBaseViewController.m in Sources */,
			);
			runOnlyForDeploymentPostprocessing = 0;
		};
		5F4378AC1844EB9B00B5ADFC /* Sources */ = {
			isa = PBXSourcesBuildPhase;
			buildActionMask = 2147483647;
			files = (
				5F4378BD1844EB9B00B5ADFC /* WeixinHistoryTests.m in Sources */,
			);
			runOnlyForDeploymentPostprocessing = 0;
		};
/* End PBXSourcesBuildPhase section */

/* Begin PBXTargetDependency section */
		5F4378B51844EB9B00B5ADFC /* PBXTargetDependency */ = {
			isa = PBXTargetDependency;
			target = 5F43788E1844EB9B00B5ADFC /* WeixinHistory */;
			targetProxy = 5F4378B41844EB9B00B5ADFC /* PBXContainerItemProxy */;
		};
/* End PBXTargetDependency section */

/* Begin PBXVariantGroup section */
		5F43789B1844EB9B00B5ADFC /* InfoPlist.strings */ = {
			isa = PBXVariantGroup;
			children = (
				5F43789C1844EB9B00B5ADFC /* en */,
			);
			name = InfoPlist.strings;
			sourceTree = "<group>";
		};
		5F4378A11844EB9B00B5ADFC /* Credits.rtf */ = {
			isa = PBXVariantGroup;
			children = (
				5F4378A21844EB9B00B5ADFC /* en */,
			);
			name = Credits.rtf;
			sourceTree = "<group>";
		};
		5F4378A71844EB9B00B5ADFC /* MainMenu.xib */ = {
			isa = PBXVariantGroup;
			children = (
				5F4378A81844EB9B00B5ADFC /* Base */,
			);
			name = MainMenu.xib;
			sourceTree = "<group>";
		};
		5F4378B91844EB9B00B5ADFC /* InfoPlist.strings */ = {
			isa = PBXVariantGroup;
			children = (
				5F4378BA1844EB9B00B5ADFC /* en */,
			);
			name = InfoPlist.strings;
			sourceTree = "<group>";
		};
/* End PBXVariantGroup section */

/* Begin XCBuildConfiguration section */
		5F4378BE1844EB9B00B5ADFC /* Debug */ = {
			isa = XCBuildConfiguration;
			buildSettings = {
				ALWAYS_SEARCH_USER_PATHS = NO;
				CLANG_CXX_LANGUAGE_STANDARD = "gnu++0x";
				CLANG_CXX_LIBRARY = "libc++";
				CLANG_ENABLE_OBJC_ARC = YES;
				CLANG_WARN_BOOL_CONVERSION = YES;
				CLANG_WARN_CONSTANT_CONVERSION = YES;
				CLANG_WARN_DIRECT_OBJC_ISA_USAGE = YES_ERROR;
				CLANG_WARN_EMPTY_BODY = YES;
				CLANG_WARN_ENUM_CONVERSION = YES;
				CLANG_WARN_INT_CONVERSION = YES;
				CLANG_WARN_OBJC_ROOT_CLASS = YES_ERROR;
				CLANG_WARN__DUPLICATE_METHOD_MATCH = YES;
				COPY_PHASE_STRIP = NO;
				GCC_C_LANGUAGE_STANDARD = gnu99;
				GCC_DYNAMIC_NO_PIC = NO;
				GCC_ENABLE_OBJC_EXCEPTIONS = YES;
				GCC_OPTIMIZATION_LEVEL = 0;
				GCC_PREPROCESSOR_DEFINITIONS = (
					"DEBUG=1",
					"$(inherited)",
				);
				GCC_SYMBOLS_PRIVATE_EXTERN = NO;
				GCC_WARN_64_TO_32_BIT_CONVERSION = YES;
				GCC_WARN_ABOUT_RETURN_TYPE = YES_ERROR;
				GCC_WARN_UNDECLARED_SELECTOR = YES;
				GCC_WARN_UNINITIALIZED_AUTOS = YES;
				GCC_WARN_UNUSED_FUNCTION = YES;
				GCC_WARN_UNUSED_VARIABLE = YES;
				MACOSX_DEPLOYMENT_TARGET = 10.9;
				ONLY_ACTIVE_ARCH = YES;
				SDKROOT = macosx;
			};
			name = Debug;
		};
		5F4378BF1844EB9B00B5ADFC /* Release */ = {
			isa = XCBuildConfiguration;
			buildSettings = {
				ALWAYS_SEARCH_USER_PATHS = NO;
				CLANG_CXX_LANGUAGE_STANDARD = "gnu++0x";
				CLANG_CXX_LIBRARY = "libc++";
				CLANG_ENABLE_OBJC_ARC = YES;
				CLANG_WARN_BOOL_CONVERSION = YES;
				CLANG_WARN_CONSTANT_CONVERSION = YES;
				CLANG_WARN_DIRECT_OBJC_ISA_USAGE = YES_ERROR;
				CLANG_WARN_EMPTY_BODY = YES;
				CLANG_WARN_ENUM_CONVERSION = YES;
				CLANG_WARN_INT_CONVERSION = YES;
				CLANG_WARN_OBJC_ROOT_CLASS = YES_ERROR;
				CLANG_WARN__DUPLICATE_METHOD_MATCH = YES;
				COPY_PHASE_STRIP = YES;
				DEBUG_INFORMATION_FORMAT = "dwarf-with-dsym";
				ENABLE_NS_ASSERTIONS = NO;
				GCC_C_LANGUAGE_STANDARD = gnu99;
				GCC_ENABLE_OBJC_EXCEPTIONS = YES;
				GCC_WARN_64_TO_32_BIT_CONVERSION = YES;
				GCC_WARN_ABOUT_RETURN_TYPE = YES_ERROR;
				GCC_WARN_UNDECLARED_SELECTOR = YES;
				GCC_WARN_UNINITIALIZED_AUTOS = YES;
				GCC_WARN_UNUSED_FUNCTION = YES;
				GCC_WARN_UNUSED_VARIABLE = YES;
				MACOSX_DEPLOYMENT_TARGET = 10.9;
				SDKROOT = macosx;
			};
			name = Release;
		};
		5F4378C11844EB9B00B5ADFC /* Debug */ = {
			isa = XCBuildConfiguration;
			baseConfigurationReference = AF1E3E8C28AC4D699B65D9DD /* Pods.xcconfig */;
			buildSettings = {
				ASSETCATALOG_COMPILER_APPICON_NAME = AppIcon;
				COMBINE_HIDPI_IMAGES = YES;
				GCC_PRECOMPILE_PREFIX_HEADER = YES;
				GCC_PREFIX_HEADER = "WeixinHistory/WeixinHistory-Prefix.pch";
				INFOPLIST_FILE = "WeixinHistory/WeixinHistory-Info.plist";
				PRODUCT_NAME = "$(TARGET_NAME)";
				WRAPPER_EXTENSION = app;
			};
			name = Debug;
		};
		5F4378C21844EB9B00B5ADFC /* Release */ = {
			isa = XCBuildConfiguration;
			baseConfigurationReference = AF1E3E8C28AC4D699B65D9DD /* Pods.xcconfig */;
			buildSettings = {
				ASSETCATALOG_COMPILER_APPICON_NAME = AppIcon;
				COMBINE_HIDPI_IMAGES = YES;
				GCC_PRECOMPILE_PREFIX_HEADER = YES;
				GCC_PREFIX_HEADER = "WeixinHistory/WeixinHistory-Prefix.pch";
				INFOPLIST_FILE = "WeixinHistory/WeixinHistory-Info.plist";
				PRODUCT_NAME = "$(TARGET_NAME)";
				WRAPPER_EXTENSION = app;
			};
			name = Release;
		};
		5F4378C41844EB9B00B5ADFC /* Debug */ = {
			isa = XCBuildConfiguration;
			buildSettings = {
				BUNDLE_LOADER = "$(BUILT_PRODUCTS_DIR)/WeixinHistory.app/Contents/MacOS/WeixinHistory";
				COMBINE_HIDPI_IMAGES = YES;
				FRAMEWORK_SEARCH_PATHS = (
					"$(DEVELOPER_FRAMEWORKS_DIR)",
					"$(inherited)",
				);
				GCC_PRECOMPILE_PREFIX_HEADER = YES;
				GCC_PREFIX_HEADER = "WeixinHistory/WeixinHistory-Prefix.pch";
				GCC_PREPROCESSOR_DEFINITIONS = (
					"DEBUG=1",
					"$(inherited)",
				);
				INFOPLIST_FILE = "WeixinHistoryTests/WeixinHistoryTests-Info.plist";
				PRODUCT_NAME = "$(TARGET_NAME)";
				TEST_HOST = "$(BUNDLE_LOADER)";
				WRAPPER_EXTENSION = xctest;
			};
			name = Debug;
		};
		5F4378C51844EB9B00B5ADFC /* Release */ = {
			isa = XCBuildConfiguration;
			buildSettings = {
				BUNDLE_LOADER = "$(BUILT_PRODUCTS_DIR)/WeixinHistory.app/Contents/MacOS/WeixinHistory";
				COMBINE_HIDPI_IMAGES = YES;
				FRAMEWORK_SEARCH_PATHS = (
					"$(DEVELOPER_FRAMEWORKS_DIR)",
					"$(inherited)",
				);
				GCC_PRECOMPILE_PREFIX_HEADER = YES;
				GCC_PREFIX_HEADER = "WeixinHistory/WeixinHistory-Prefix.pch";
				INFOPLIST_FILE = "WeixinHistoryTests/WeixinHistoryTests-Info.plist";
				PRODUCT_NAME = "$(TARGET_NAME)";
				TEST_HOST = "$(BUNDLE_LOADER)";
				WRAPPER_EXTENSION = xctest;
			};
			name = Release;
		};
/* End XCBuildConfiguration section */

/* Begin XCConfigurationList section */
		5F43788A1844EB9B00B5ADFC /* Build configuration list for PBXProject "WeixinHistory" */ = {
			isa = XCConfigurationList;
			buildConfigurations = (
				5F4378BE1844EB9B00B5ADFC /* Debug */,
				5F4378BF1844EB9B00B5ADFC /* Release */,
			);
			defaultConfigurationIsVisible = 0;
			defaultConfigurationName = Release;
		};
		5F4378C01844EB9B00B5ADFC /* Build configuration list for PBXNativeTarget "WeixinHistory" */ = {
			isa = XCConfigurationList;
			buildConfigurations = (
				5F4378C11844EB9B00B5ADFC /* Debug */,
				5F4378C21844EB9B00B5ADFC /* Release */,
			);
			defaultConfigurationIsVisible = 0;
			defaultConfigurationName = Release;
		};
		5F4378C31844EB9B00B5ADFC /* Build configuration list for PBXNativeTarget "WeixinHistoryTests" */ = {
			isa = XCConfigurationList;
			buildConfigurations = (
				5F4378C41844EB9B00B5ADFC /* Debug */,
				5F4378C51844EB9B00B5ADFC /* Release */,
			);
			defaultConfigurationIsVisible = 0;
			defaultConfigurationName = Release;
		};
/* End XCConfigurationList section */
	};
	rootObject = 5F4378871844EB9B00B5ADFC /* Project object */;
}
